// !$*UTF8*$!
{
	archiveVersion = 1;
	classes = {
	};
	objectVersion = 50;
	objects = {

/* Begin PBXBuildFile section */
		048C057922D2D4BE0001CB33 /* Assets.xcassets in Resources */ = {isa = PBXBuildFile; fileRef = 048C057822D2D4BE0001CB33 /* Assets.xcassets */; };
		048C057C22D2D4BE0001CB33 /* LaunchScreen.storyboard in Resources */ = {isa = PBXBuildFile; fileRef = 048C057A22D2D4BE0001CB33 /* LaunchScreen.storyboard */; };
		048C059322D2D4EF0001CB33 /* ViewController.swift in Sources */ = {isa = PBXBuildFile; fileRef = 048C058422D2D4EE0001CB33 /* ViewController.swift */; };
		048C059422D2D4EF0001CB33 /* HeaderView.xib in Resources */ = {isa = PBXBuildFile; fileRef = 048C058522D2D4EE0001CB33 /* HeaderView.xib */; };
		048C059522D2D4EF0001CB33 /* ResturantDetailsVC.swift in Sources */ = {isa = PBXBuildFile; fileRef = 048C058622D2D4EE0001CB33 /* ResturantDetailsVC.swift */; };
		048C059622D2D4EF0001CB33 /* SideMenuView.xib in Resources */ = {isa = PBXBuildFile; fileRef = 048C058722D2D4EE0001CB33 /* SideMenuView.xib */; };
		048C059722D2D4EF0001CB33 /* Main.storyboard in Resources */ = {isa = PBXBuildFile; fileRef = 048C058822D2D4EE0001CB33 /* Main.storyboard */; };
		048C059822D2D4EF0001CB33 /* HeaderView.swift in Sources */ = {isa = PBXBuildFile; fileRef = 048C058922D2D4EE0001CB33 /* HeaderView.swift */; };
		048C059922D2D4EF0001CB33 /* SideMenuView.swift in Sources */ = {isa = PBXBuildFile; fileRef = 048C058A22D2D4EE0001CB33 /* SideMenuView.swift */; };
		048C059A22D2D4EF0001CB33 /* NetworkManager.swift in Sources */ = {isa = PBXBuildFile; fileRef = 048C058C22D2D4EE0001CB33 /* NetworkManager.swift */; };
		048C059B22D2D4EF0001CB33 /* ServiceBase.swift in Sources */ = {isa = PBXBuildFile; fileRef = 048C058D22D2D4EE0001CB33 /* ServiceBase.swift */; };
		048C059C22D2D4EF0001CB33 /* ResturantVM.swift in Sources */ = {isa = PBXBuildFile; fileRef = 048C058F22D2D4EE0001CB33 /* ResturantVM.swift */; };
		048C059D22D2D4EF0001CB33 /* Resturant.swift in Sources */ = {isa = PBXBuildFile; fileRef = 048C059122D2D4EE0001CB33 /* Resturant.swift */; };
		048C059E22D2D4EF0001CB33 /* 1192-like.json in Resources */ = {isa = PBXBuildFile; fileRef = 048C059222D2D4EE0001CB33 /* 1192-like.json */; };
		048C05A022D2D76E0001CB33 /* AppDelegate.swift in Sources */ = {isa = PBXBuildFile; fileRef = 048C059F22D2D76E0001CB33 /* AppDelegate.swift */; };
		B24D2027000235C0F9A37DBE /* Pods_WainNakel.framework in Frameworks */ = {isa = PBXBuildFile; fileRef = B0EC63F970AFAA191B726216 /* Pods_WainNakel.framework */; };
/* End PBXBuildFile section */

/* Begin PBXFileReference section */
		048C056E22D2D4BD0001CB33 /* WainNakel.app */ = {isa = PBXFileReference; explicitFileType = wrapper.application; includeInIndex = 0; path = WainNakel.app; sourceTree = BUILT_PRODUCTS_DIR; };
		048C057822D2D4BE0001CB33 /* Assets.xcassets */ = {isa = PBXFileReference; lastKnownFileType = folder.assetcatalog; path = Assets.xcassets; sourceTree = "<group>"; };
		048C057B22D2D4BE0001CB33 /* Base */ = {isa = PBXFileReference; lastKnownFileType = file.storyboard; name = Base; path = Base.lproj/LaunchScreen.storyboard; sourceTree = "<group>"; };
		048C057D22D2D4BE0001CB33 /* Info.plist */ = {isa = PBXFileReference; lastKnownFileType = text.plist.xml; path = Info.plist; sourceTree = "<group>"; };
		048C058422D2D4EE0001CB33 /* ViewController.swift */ = {isa = PBXFileReference; fileEncoding = 4; lastKnownFileType = sourcecode.swift; path = ViewController.swift; sourceTree = "<group>"; };
		048C058522D2D4EE0001CB33 /* HeaderView.xib */ = {isa = PBXFileReference; fileEncoding = 4; lastKnownFileType = file.xib; path = HeaderView.xib; sourceTree = "<group>"; };
		048C058622D2D4EE0001CB33 /* ResturantDetailsVC.swift */ = {isa = PBXFileReference; fileEncoding = 4; lastKnownFileType = sourcecode.swift; path = ResturantDetailsVC.swift; sourceTree = "<group>"; };
		048C058722D2D4EE0001CB33 /* SideMenuView.xib */ = {isa = PBXFileReference; fileEncoding = 4; lastKnownFileType = file.xib; path = SideMenuView.xib; sourceTree = "<group>"; };
		048C058822D2D4EE0001CB33 /* Main.storyboard */ = {isa = PBXFileReference; fileEncoding = 4; lastKnownFileType = file.storyboard; path = Main.storyboard; sourceTree = "<group>"; };
		048C058922D2D4EE0001CB33 /* HeaderView.swift */ = {isa = PBXFileReference; fileEncoding = 4; lastKnownFileType = sourcecode.swift; path = HeaderView.swift; sourceTree = "<group>"; };
		048C058A22D2D4EE0001CB33 /* SideMenuView.swift */ = {isa = PBXFileReference; fileEncoding = 4; lastKnownFileType = sourcecode.swift; path = SideMenuView.swift; sourceTree = "<group>"; };
		048C058C22D2D4EE0001CB33 /* NetworkManager.swift */ = {isa = PBXFileReference; fileEncoding = 4; lastKnownFileType = sourcecode.swift; path = NetworkManager.swift; sourceTree = "<group>"; };
		048C058D22D2D4EE0001CB33 /* ServiceBase.swift */ = {isa = PBXFileReference; fileEncoding = 4; lastKnownFileType = sourcecode.swift; path = ServiceBase.swift; sourceTree = "<group>"; };
		048C058F22D2D4EE0001CB33 /* ResturantVM.swift */ = {isa = PBXFileReference; fileEncoding = 4; lastKnownFileType = sourcecode.swift; path = ResturantVM.swift; sourceTree = "<group>"; };
		048C059122D2D4EE0001CB33 /* Resturant.swift */ = {isa = PBXFileReference; fileEncoding = 4; lastKnownFileType = sourcecode.swift; path = Resturant.swift; sourceTree = "<group>"; };
		048C059222D2D4EE0001CB33 /* 1192-like.json */ = {isa = PBXFileReference; fileEncoding = 4; lastKnownFileType = text.json; path = "1192-like.json"; sourceTree = "<group>"; };
		048C059F22D2D76E0001CB33 /* AppDelegate.swift */ = {isa = PBXFileReference; fileEncoding = 4; lastKnownFileType = sourcecode.swift; path = AppDelegate.swift; sourceTree = "<group>"; };
		25E7C75B7A8B5CD2BD2BD561 /* Pods-WainNakel.debug.xcconfig */ = {isa = PBXFileReference; includeInIndex = 1; lastKnownFileType = text.xcconfig; name = "Pods-WainNakel.debug.xcconfig"; path = "Pods/Target Support Files/Pods-WainNakel/Pods-WainNakel.debug.xcconfig"; sourceTree = "<group>"; };
		B0EC63F970AFAA191B726216 /* Pods_WainNakel.framework */ = {isa = PBXFileReference; explicitFileType = wrapper.framework; includeInIndex = 0; path = Pods_WainNakel.framework; sourceTree = BUILT_PRODUCTS_DIR; };
		BAD8D68AFF1D05AB6AAD6847 /* Pods-WainNakel.release.xcconfig */ = {isa = PBXFileReference; includeInIndex = 1; lastKnownFileType = text.xcconfig; name = "Pods-WainNakel.release.xcconfig"; path = "Pods/Target Support Files/Pods-WainNakel/Pods-WainNakel.release.xcconfig"; sourceTree = "<group>"; };
/* End PBXFileReference section */

/* Begin PBXFrameworksBuildPhase section */
		048C056B22D2D4BD0001CB33 /* Frameworks */ = {
			isa = PBXFrameworksBuildPhase;
			buildActionMask = 2147483647;
			files = (
				B24D2027000235C0F9A37DBE /* Pods_WainNakel.framework in Frameworks */,
			);
			runOnlyForDeploymentPostprocessing = 0;
		};
/* End PBXFrameworksBuildPhase section */

/* Begin PBXGroup section */
		048C056522D2D4BD0001CB33 = {
			isa = PBXGroup;
			children = (
				048C057022D2D4BD0001CB33 /* WainNakel */,
				048C056F22D2D4BD0001CB33 /* Products */,
				E3603CF87CEDF51FA942C94F /* Pods */,
				41DC1DBBF304EEE676F32F7E /* Frameworks */,
			);
			sourceTree = "<group>";
		};
		048C056F22D2D4BD0001CB33 /* Products */ = {
			isa = PBXGroup;
			children = (
				048C056E22D2D4BD0001CB33 /* WainNakel.app */,
			);
			name = Products;
			sourceTree = "<group>";
		};
		048C057022D2D4BD0001CB33 /* WainNakel */ = {
			isa = PBXGroup;
			children = (
				048C059222D2D4EE0001CB33 /* 1192-like.json */,
				048C059022D2D4EE0001CB33 /* Model */,
				048C058B22D2D4EE0001CB33 /* NetworkManger */,
				048C058322D2D4EE0001CB33 /* View */,
				048C058E22D2D4EE0001CB33 /* ViewModel */,
				048C057822D2D4BE0001CB33 /* Assets.xcassets */,
				048C057A22D2D4BE0001CB33 /* LaunchScreen.storyboard */,
				048C057D22D2D4BE0001CB33 /* Info.plist */,
			);
			path = WainNakel;
			sourceTree = "<group>";
		};
		048C058322D2D4EE0001CB33 /* View */ = {
			isa = PBXGroup;
			children = (
				048C059F22D2D76E0001CB33 /* AppDelegate.swift */,
				048C058422D2D4EE0001CB33 /* ViewController.swift */,
				048C058522D2D4EE0001CB33 /* HeaderView.xib */,
				048C058622D2D4EE0001CB33 /* ResturantDetailsVC.swift */,
				048C058722D2D4EE0001CB33 /* SideMenuView.xib */,
				048C058822D2D4EE0001CB33 /* Main.storyboard */,
				048C058922D2D4EE0001CB33 /* HeaderView.swift */,
				048C058A22D2D4EE0001CB33 /* SideMenuView.swift */,
			);
			path = View;
			sourceTree = "<group>";
		};
		048C058B22D2D4EE0001CB33 /* NetworkManger */ = {
			isa = PBXGroup;
			children = (
				048C058C22D2D4EE0001CB33 /* NetworkManager.swift */,
				048C058D22D2D4EE0001CB33 /* ServiceBase.swift */,
			);
			path = NetworkManger;
			sourceTree = "<group>";
		};
		048C058E22D2D4EE0001CB33 /* ViewModel */ = {
			isa = PBXGroup;
			children = (
				048C058F22D2D4EE0001CB33 /* ResturantVM.swift */,
			);
			path = ViewModel;
			sourceTree = "<group>";
		};
		048C059022D2D4EE0001CB33 /* Model */ = {
			isa = PBXGroup;
			children = (
				048C059122D2D4EE0001CB33 /* Resturant.swift */,
			);
			path = Model;
			sourceTree = "<group>";
		};
		41DC1DBBF304EEE676F32F7E /* Frameworks */ = {
			isa = PBXGroup;
			children = (
				B0EC63F970AFAA191B726216 /* Pods_WainNakel.framework */,
			);
			name = Frameworks;
			sourceTree = "<group>";
		};
		E3603CF87CEDF51FA942C94F /* Pods */ = {
			isa = PBXGroup;
			children = (
				25E7C75B7A8B5CD2BD2BD561 /* Pods-WainNakel.debug.xcconfig */,
				BAD8D68AFF1D05AB6AAD6847 /* Pods-WainNakel.release.xcconfig */,
			);
			name = Pods;
			sourceTree = "<group>";
		};
/* End PBXGroup section */

/* Begin PBXNativeTarget section */
		048C056D22D2D4BD0001CB33 /* WainNakel */ = {
			isa = PBXNativeTarget;
			buildConfigurationList = 048C058022D2D4BE0001CB33 /* Build configuration list for PBXNativeTarget "WainNakel" */;
			buildPhases = (
				89589E5863268A080F398BE2 /* [CP] Check Pods Manifest.lock */,
				048C056A22D2D4BD0001CB33 /* Sources */,
				048C056B22D2D4BD0001CB33 /* Frameworks */,
				048C056C22D2D4BD0001CB33 /* Resources */,
				8A561385D862C0A4EAA4CB08 /* [CP] Embed Pods Frameworks */,
			);
			buildRules = (
			);
			dependencies = (
			);
			name = WainNakel;
			productName = WainNakel;
			productReference = 048C056E22D2D4BD0001CB33 /* WainNakel.app */;
			productType = "com.apple.product-type.application";
		};
/* End PBXNativeTarget section */

/* Begin PBXProject section */
		048C056622D2D4BD0001CB33 /* Project object */ = {
			isa = PBXProject;
			attributes = {
				LastSwiftUpdateCheck = 1020;
				LastUpgradeCheck = 1020;
				ORGANIZATIONNAME = mac;
				TargetAttributes = {
					048C056D22D2D4BD0001CB33 = {
						CreatedOnToolsVersion = 10.2;
					};
				};
			};
			buildConfigurationList = 048C056922D2D4BD0001CB33 /* Build configuration list for PBXProject "WainNakel" */;
			compatibilityVersion = "Xcode 9.3";
			developmentRegion = en;
			hasScannedForEncodings = 0;
			knownRegions = (
				en,
				Base,
			);
			mainGroup = 048C056522D2D4BD0001CB33;
			productRefGroup = 048C056F22D2D4BD0001CB33 /* Products */;
			projectDirPath = "";
			projectRoot = "";
			targets = (
				048C056D22D2D4BD0001CB33 /* WainNakel */,
			);
		};
/* End PBXProject section */

/* Begin PBXResourcesBuildPhase section */
		048C056C22D2D4BD0001CB33 /* Resources */ = {
			isa = PBXResourcesBuildPhase;
			buildActionMask = 2147483647;
			files = (
				048C059422D2D4EF0001CB33 /* HeaderView.xib in Resources */,
				048C059722D2D4EF0001CB33 /* Main.storyboard in Resources */,
				048C057C22D2D4BE0001CB33 /* LaunchScreen.storyboard in Resources */,
				048C059E22D2D4EF0001CB33 /* 1192-like.json in Resources */,
				048C059622D2D4EF0001CB33 /* SideMenuView.xib in Resources */,
				048C057922D2D4BE0001CB33 /* Assets.xcassets in Resources */,
			);
			runOnlyForDeploymentPostprocessing = 0;
		};
/* End PBXResourcesBuildPhase section */

/* Begin PBXShellScriptBuildPhase section */
		89589E5863268A080F398BE2 /* [CP] Check Pods Manifest.lock */ = {
			isa = PBXShellScriptBuildPhase;
			buildActionMask = 2147483647;
			files = (
			);
			inputFileListPaths = (
			);
			inputPaths = (
				"${PODS_PODFILE_DIR_PATH}/Podfile.lock",
				"${PODS_ROOT}/Manifest.lock",
			);
			name = "[CP] Check Pods Manifest.lock";
			outputFileListPaths = (
			);
			outputPaths = (
				"$(DERIVED_FILE_DIR)/Pods-WainNakel-checkManifestLockResult.txt",
			);
			runOnlyForDeploymentPostprocessing = 0;
			shellPath = /bin/sh;
			shellScript = "diff \"${PODS_PODFILE_DIR_PATH}/Podfile.lock\" \"${PODS_ROOT}/Manifest.lock\" > /dev/null\nif [ $? != 0 ] ; then\n    # print error to STDERR\n    echo \"error: The sandbox is not in sync with the Podfile.lock. Run 'pod install' or update your CocoaPods installation.\" >&2\n    exit 1\nfi\n# This output is used by Xcode 'outputs' to avoid re-running this script phase.\necho \"SUCCESS\" > \"${SCRIPT_OUTPUT_FILE_0}\"\n";
			showEnvVarsInLog = 0;
		};
		8A561385D862C0A4EAA4CB08 /* [CP] Embed Pods Frameworks */ = {
			isa = PBXShellScriptBuildPhase;
			buildActionMask = 2147483647;
			files = (
			);
			inputFileListPaths = (
			);
			inputPaths = (
				"${SRCROOT}/Pods/Target Support Files/Pods-WainNakel/Pods-WainNakel-frameworks.sh",
				"${BUILT_PRODUCTS_DIR}/Alamofire/Alamofire.framework",
				"${BUILT_PRODUCTS_DIR}/NVActivityIndicatorView/NVActivityIndicatorView.framework",
				"${BUILT_PRODUCTS_DIR}/lottie-ios/Lottie.framework",
			);
			name = "[CP] Embed Pods Frameworks";
			outputFileListPaths = (
			);
			outputPaths = (
				"${TARGET_BUILD_DIR}/${FRAMEWORKS_FOLDER_PATH}/Alamofire.framework",
				"${TARGET_BUILD_DIR}/${FRAMEWORKS_FOLDER_PATH}/NVActivityIndicatorView.framework",
				"${TARGET_BUILD_DIR}/${FRAMEWORKS_FOLDER_PATH}/Lottie.framework",
			);
			runOnlyForDeploymentPostprocessing = 0;
			shellPath = /bin/sh;
			shellScript = "\"${SRCROOT}/Pods/Target Support Files/Pods-WainNakel/Pods-WainNakel-frameworks.sh\"\n";
			showEnvVarsInLog = 0;
		};
/* End PBXShellScriptBuildPhase section */

/* Begin PBXSourcesBuildPhase section */
		048C056A22D2D4BD0001CB33 /* Sources */ = {
			isa = PBXSourcesBuildPhase;
			buildActionMask = 2147483647;
			files = (
				048C059522D2D4EF0001CB33 /* ResturantDetailsVC.swift in Sources */,
				048C059822D2D4EF0001CB33 /* HeaderView.swift in Sources */,
				048C059D22D2D4EF0001CB33 /* Resturant.swift in Sources */,
				048C05A022D2D76E0001CB33 /* AppDelegate.swift in Sources */,
				048C059C22D2D4EF0001CB33 /* ResturantVM.swift in Sources */,
				048C059B22D2D4EF0001CB33 /* ServiceBase.swift in Sources */,
				048C059A22D2D4EF0001CB33 /* NetworkManager.swift in Sources */,
				048C059922D2D4EF0001CB33 /* SideMenuView.swift in Sources */,
				048C059322D2D4EF0001CB33 /* ViewController.swift in Sources */,
			);
			runOnlyForDeploymentPostprocessing = 0;
		};
/* End PBXSourcesBuildPhase section */

/* Begin PBXVariantGroup section */
		048C057A22D2D4BE0001CB33 /* LaunchScreen.storyboard */ = {
			isa = PBXVariantGroup;
			children = (
				048C057B22D2D4BE0001CB33 /* Base */,
			);
			name = LaunchScreen.storyboard;
			sourceTree = "<group>";
		};
/* End PBXVariantGroup section */

/* Begin XCBuildConfiguration section */
		048C057E22D2D4BE0001CB33 /* Debug */ = {
			isa = XCBuildConfiguration;
			buildSettings = {
				ALWAYS_SEARCH_USER_PATHS = NO;
				CLANG_ANALYZER_NONNULL = YES;
				CLANG_ANALYZER_NUMBER_OBJECT_CONVERSION = YES_AGGRESSIVE;
				CLANG_CXX_LANGUAGE_STANDARD = "gnu++14";
				CLANG_CXX_LIBRARY = "libc++";
				CLANG_ENABLE_MODULES = YES;
				CLANG_ENABLE_OBJC_ARC = YES;
				CLANG_ENABLE_OBJC_WEAK = YES;
				CLANG_WARN_BLOCK_CAPTURE_AUTORELEASING = YES;
				CLANG_WARN_BOOL_CONVERSION = YES;
				CLANG_WARN_COMMA = YES;
				CLANG_WARN_CONSTANT_CONVERSION = YES;
				CLANG_WARN_DEPRECATED_OBJC_IMPLEMENTATIONS = YES;
				CLANG_WARN_DIRECT_OBJC_ISA_USAGE = YES_ERROR;
				CLANG_WARN_DOCUMENTATION_COMMENTS = YES;
				CLANG_WARN_EMPTY_BODY = YES;
				CLANG_WARN_ENUM_CONVERSION = YES;
				CLANG_WARN_INFINITE_RECURSION = YES;
				CLANG_WARN_INT_CONVERSION = YES;
				CLANG_WARN_NON_LITERAL_NULL_CONVERSION = YES;
				CLANG_WARN_OBJC_IMPLICIT_RETAIN_SELF = YES;
				CLANG_WARN_OBJC_LITERAL_CONVERSION = YES;
				CLANG_WARN_OBJC_ROOT_CLASS = YES_ERROR;
				CLANG_WARN_RANGE_LOOP_ANALYSIS = YES;
				CLANG_WARN_STRICT_PROTOTYPES = YES;
				CLANG_WARN_SUSPICIOUS_MOVE = YES;
				CLANG_WARN_UNGUARDED_AVAILABILITY = YES_AGGRESSIVE;
				CLANG_WARN_UNREACHABLE_CODE = YES;
				CLANG_WARN__DUPLICATE_METHOD_MATCH = YES;
				CODE_SIGN_IDENTITY = "iPhone Developer";
				COPY_PHASE_STRIP = NO;
				DEBUG_INFORMATION_FORMAT = dwarf;
				ENABLE_STRICT_OBJC_MSGSEND = YES;
				ENABLE_TESTABILITY = YES;
				GCC_C_LANGUAGE_STANDARD = gnu11;
				GCC_DYNAMIC_NO_PIC = NO;
				GCC_NO_COMMON_BLOCKS = YES;
				GCC_OPTIMIZATION_LEVEL = 0;
				GCC_PREPROCESSOR_DEFINITIONS = (
					"DEBUG=1",
					"$(inherited)",
				);
				GCC_WARN_64_TO_32_BIT_CONVERSION = YES;
				GCC_WARN_ABOUT_RETURN_TYPE = YES_ERROR;
				GCC_WARN_UNDECLARED_SELECTOR = YES;
				GCC_WARN_UNINITIALIZED_AUTOS = YES_AGGRESSIVE;
				GCC_WARN_UNUSED_FUNCTION = YES;
				GCC_WARN_UNUSED_VARIABLE = YES;
				IPHONEOS_DEPLOYMENT_TARGET = 12.2;
				MTL_ENABLE_DEBUG_INFO = INCLUDE_SOURCE;
				MTL_FAST_MATH = YES;
				ONLY_ACTIVE_ARCH = YES;
				SDKROOT = iphoneos;
				SWIFT_ACTIVE_COMPILATION_CONDITIONS = DEBUG;
				SWIFT_OPTIMIZATION_LEVEL = "-Onone";
			};
			name = Debug;
		};
		048C057F22D2D4BE0001CB33 /* Release */ = {
			isa = XCBuildConfiguration;
			buildSettings = {
				ALWAYS_SEARCH_USER_PATHS = NO;
				CLANG_ANALYZER_NONNULL = YES;
				CLANG_ANALYZER_NUMBER_OBJECT_CONVERSION = YES_AGGRESSIVE;
				CLANG_CXX_LANGUAGE_STANDARD = "gnu++14";
				CLANG_CXX_LIBRARY = "libc++";
				CLANG_ENABLE_MODULES = YES;
				CLANG_ENABLE_OBJC_ARC = YES;
				CLANG_ENABLE_OBJC_WEAK = YES;
				CLANG_WARN_BLOCK_CAPTURE_AUTORELEASING = YES;
				CLANG_WARN_BOOL_CONVERSION = YES;
				CLANG_WARN_COMMA = YES;
				CLANG_WARN_CONSTANT_CONVERSION = YES;
				CLANG_WARN_DEPRECATED_OBJC_IMPLEMENTATIONS = YES;
				CLANG_WARN_DIRECT_OBJC_ISA_USAGE = YES_ERROR;
				CLANG_WARN_DOCUMENTATION_COMMENTS = YES;
				CLANG_WARN_EMPTY_BODY = YES;
				CLANG_WARN_ENUM_CONVERSION = YES;
				CLANG_WARN_INFINITE_RECURSION = YES;
				CLANG_WARN_INT_CONVERSION = YES;
				CLANG_WARN_NON_LITERAL_NULL_CONVERSION = YES;
				CLANG_WARN_OBJC_IMPLICIT_RETAIN_SELF = YES;
				CLANG_WARN_OBJC_LITERAL_CONVERSION = YES;
				CLANG_WARN_OBJC_ROOT_CLASS = YES_ERROR;
				CLANG_WARN_RANGE_LOOP_ANALYSIS = YES;
				CLANG_WARN_STRICT_PROTOTYPES = YES;
				CLANG_WARN_SUSPICIOUS_MOVE = YES;
				CLANG_WARN_UNGUARDED_AVAILABILITY = YES_AGGRESSIVE;
				CLANG_WARN_UNREACHABLE_CODE = YES;
				CLANG_WARN__DUPLICATE_METHOD_MATCH = YES;
				CODE_SIGN_IDENTITY = "iPhone Developer";
				COPY_PHASE_STRIP = NO;
				DEBUG_INFORMATION_FORMAT = "dwarf-with-dsym";
				ENABLE_NS_ASSERTIONS = NO;
				ENABLE_STRICT_OBJC_MSGSEND = YES;
				GCC_C_LANGUAGE_STANDARD = gnu11;
				GCC_NO_COMMON_BLOCKS = YES;
				GCC_WARN_64_TO_32_BIT_CONVERSION = YES;
				GCC_WARN_ABOUT_RETURN_TYPE = YES_ERROR;
				GCC_WARN_UNDECLARED_SELECTOR = YES;
				GCC_WARN_UNINITIALIZED_AUTOS = YES_AGGRESSIVE;
				GCC_WARN_UNUSED_FUNCTION = YES;
				GCC_WARN_UNUSED_VARIABLE = YES;
				IPHONEOS_DEPLOYMENT_TARGET = 12.2;
				MTL_ENABLE_DEBUG_INFO = NO;
				MTL_FAST_MATH = YES;
				SDKROOT = iphoneos;
				SWIFT_COMPILATION_MODE = wholemodule;
				SWIFT_OPTIMIZATION_LEVEL = "-O";
				VALIDATE_PRODUCT = YES;
			};
			name = Release;
		};
		048C058122D2D4BE0001CB33 /* Debug */ = {
			isa = XCBuildConfiguration;
			baseConfigurationReference = 25E7C75B7A8B5CD2BD2BD561 /* Pods-WainNakel.debug.xcconfig */;
			buildSettings = {
				ASSETCATALOG_COMPILER_APPICON_NAME = AppIcon;
				CODE_SIGN_STYLE = Automatic;
				DEVELOPMENT_TEAM = Y7XTQJW4W8;
				INFOPLIST_FILE = WainNakel/Info.plist;
				LD_RUNPATH_SEARCH_PATHS = (
					"$(inherited)",
					"@executable_path/Frameworks",
				);
				PRODUCT_BUNDLE_IDENTIFIER = com.Reach.record.WainNakel;
				PRODUCT_NAME = "$(TARGET_NAME)";
				SWIFT_VERSION = 5.0;
				TARGETED_DEVICE_FAMILY = "1,2";
			};
			name = Debug;
		};
		048C058222D2D4BE0001CB33 /* Release */ = {
			isa = XCBuildConfiguration;
			baseConfigurationReference = BAD8D68AFF1D05AB6AAD6847 /* Pods-WainNakel.release.xcconfig */;
			buildSettings = {
				ASSETCATALOG_COMPILER_APPICON_NAME = AppIcon;
				CODE_SIGN_STYLE = Automatic;
				DEVELOPMENT_TEAM = Y7XTQJW4W8;
				INFOPLIST_FILE = WainNakel/Info.plist;
				LD_RUNPATH_SEARCH_PATHS = (
					"$(inherited)",
					"@executable_path/Frameworks",
				);
				PRODUCT_BUNDLE_IDENTIFIER = com.Reach.record.WainNakel;
				PRODUCT_NAME = "$(TARGET_NAME)";
				SWIFT_VERSION = 5.0;
				TARGETED_DEVICE_FAMILY = "1,2";
			};
			name = Release;
		};
/* End XCBuildConfiguration section */

/* Begin XCConfigurationList section */
		048C056922D2D4BD0001CB33 /* Build configuration list for PBXProject "WainNakel" */ = {
			isa = XCConfigurationList;
			buildConfigurations = (
				048C057E22D2D4BE0001CB33 /* Debug */,
				048C057F22D2D4BE0001CB33 /* Release */,
			);
			defaultConfigurationIsVisible = 0;
			defaultConfigurationName = Release;
		};
		048C058022D2D4BE0001CB33 /* Build configuration list for PBXNativeTarget "WainNakel" */ = {
			isa = XCConfigurationList;
			buildConfigurations = (
				048C058122D2D4BE0001CB33 /* Debug */,
				048C058222D2D4BE0001CB33 /* Release */,
			);
			defaultConfigurationIsVisible = 0;
			defaultConfigurationName = Release;
		};
/* End XCConfigurationList section */
	};
	rootObject = 048C056622D2D4BD0001CB33 /* Project object */;
}
